
Microsoft Visual Studio Solution File, Format Version 12.00
# Visual Studio Version 17
VisualStudioVersion = 17.0.33214.273
MinimumVisualStudioVersion = 10.0.40219.1
Project("{FAE04EC0-301F-11D3-BF4B-00C04F79EFBC}") = "task", "task\task.csproj", "{6568FF24-250E-42F9-A004-E8671FDFDE93}"
EndProject
Global
	GlobalSection(SolutionConfigurationPlatforms) = preSolution
		Debug|Any CPU = Debug|Any CPU
		Release|Any CPU = Release|Any CPU
	EndGlobalSection
	GlobalSection(ProjectConfigurationPlatforms) = postSolution
		{6568FF24-250E-42F9-A004-E8671FDFDE93}.Debug|Any CPU.ActiveCfg = Debug|Any CPU
		{6568FF24-250E-42F9-A004-E8671FDFDE93}.Debug|Any CPU.Build.0 = Debug|Any CPU
		{6568FF24-250E-42F9-A004-E8671FDFDE93}.Release|Any CPU.ActiveCfg = Release|Any CPU
		{6568FF24-250E-42F9-A004-E8671FDFDE93}.Release|Any CPU.Build.0 = Release|Any CPU
	EndGlobalSection
	GlobalSection(SolutionProperties) = preSolution
		HideSolutionNode = FALSE
	EndGlobalSection
	GlobalSection(ExtensibilityGlobals) = postSolution
		SolutionGuid = {9481641D-E6B1-47AB-8A66-690D28709442}
	EndGlobalSection
EndGlobal
